
Microsoft Visual Studio Solution File, Format Version 12.00
# Visual Studio Version 16
VisualStudioVersion = 16.0.30011.22
MinimumVisualStudioVersion = 10.0.40219.1
Project("{FAE04EC0-301F-11D3-BF4B-00C04F79EFBC}") = "TpGitHub", "TpGitHub\TpGitHub.csproj", "{B99A73F2-6ADD-4F37-AEEF-FFCF5DBF34B1}"
EndProject
Global
	GlobalSection(SolutionConfigurationPlatforms) = preSolution
		Debug|Any CPU = Debug|Any CPU
		Release|Any CPU = Release|Any CPU
	EndGlobalSection
	GlobalSection(ProjectConfigurationPlatforms) = postSolution
		{B99A73F2-6ADD-4F37-AEEF-FFCF5DBF34B1}.Debug|Any CPU.ActiveCfg = Debug|Any CPU
		{B99A73F2-6ADD-4F37-AEEF-FFCF5DBF34B1}.Debug|Any CPU.Build.0 = Debug|Any CPU
		{B99A73F2-6ADD-4F37-AEEF-FFCF5DBF34B1}.Release|Any CPU.ActiveCfg = Release|Any CPU
		{B99A73F2-6ADD-4F37-AEEF-FFCF5DBF34B1}.Release|Any CPU.Build.0 = Release|Any CPU
	EndGlobalSection
	GlobalSection(SolutionProperties) = preSolution
		HideSolutionNode = FALSE
	EndGlobalSection
	GlobalSection(ExtensibilityGlobals) = postSolution
		SolutionGuid = {1DE0FD21-65FE-4EAD-833D-A75F18E93068}
	EndGlobalSection
EndGlobal
